{
  "name": "yieldhouse-data",
  "lockfileVersion": 3,
  "requires": true,
  "packages": {
    "": {
      "dependencies": {
        "@bgd-labs/aave-address-book": "^2.27.0"
      }
    },
    "node_modules/@bgd-labs/aave-address-book": {
      "version": "2.27.0",
      "resolved": "https://registry.npmjs.org/@bgd-labs/aave-address-book/-/aave-address-book-2.27.0.tgz",
      "integrity": "sha512-vMARZMQ4613vjYpPvkNTtl6/doTnJblWuddyOaRHaTy+kTQgddf/qKIpvVyAtyNrvEypD1u1e5SFmpH3PllXWA=="
    }
  }
}
